
Microsoft Visual Studio Solution File, Format Version 12.00
# Visual Studio Version 16
VisualStudioVersion = 16.0.30717.126
MinimumVisualStudioVersion = 10.0.40219.1
Project("{FAE04EC0-301F-11D3-BF4B-00C04F79EFBC}") = "Voxmat", "Voxmat\Voxmat.csproj", "{3021ADD2-3E12-42E4-90EB-12FBE884C960}"
EndProject
Project("{2150E333-8FDC-42A3-9474-1A3956D46DE8}") = "Solution Items", "Solution Items", "{0A42F65A-374A-4C17-B6B9-7565F6FF3568}"
	ProjectSection(SolutionItems) = preProject
		.editorconfig = .editorconfig
	EndProjectSection
EndProject
Global
	GlobalSection(SolutionConfigurationPlatforms) = preSolution
		Debug|Any CPU = Debug|Any CPU
		Release|Any CPU = Release|Any CPU
	EndGlobalSection
	GlobalSection(ProjectConfigurationPlatforms) = postSolution
		{3021ADD2-3E12-42E4-90EB-12FBE884C960}.Debug|Any CPU.ActiveCfg = Debug|Any CPU
		{3021ADD2-3E12-42E4-90EB-12FBE884C960}.Debug|Any CPU.Build.0 = Debug|Any CPU
		{3021ADD2-3E12-42E4-90EB-12FBE884C960}.Release|Any CPU.ActiveCfg = Release|Any CPU
		{3021ADD2-3E12-42E4-90EB-12FBE884C960}.Release|Any CPU.Build.0 = Release|Any CPU
	EndGlobalSection
	GlobalSection(SolutionProperties) = preSolution
		HideSolutionNode = FALSE
	EndGlobalSection
	GlobalSection(ExtensibilityGlobals) = postSolution
		SolutionGuid = {4FB08DBB-23B5-468E-96AE-019706EABF36}
	EndGlobalSection
EndGlobal
